
Microsoft Visual Studio Solution File, Format Version 12.00
# Visual Studio Version 16
VisualStudioVersion = 16.0.29920.165
MinimumVisualStudioVersion = 10.0.40219.1
Project("{FAE04EC0-301F-11D3-BF4B-00C04F79EFBC}") = "space_warrior", "space_warrior\space_warrior.csproj", "{9211CB99-C91B-425F-8AF5-E862853749B5}"
EndProject
Global
	GlobalSection(SolutionConfigurationPlatforms) = preSolution
		Debug|Any CPU = Debug|Any CPU
		Release|Any CPU = Release|Any CPU
	EndGlobalSection
	GlobalSection(ProjectConfigurationPlatforms) = postSolution
		{9211CB99-C91B-425F-8AF5-E862853749B5}.Debug|Any CPU.ActiveCfg = Debug|Any CPU
		{9211CB99-C91B-425F-8AF5-E862853749B5}.Debug|Any CPU.Build.0 = Debug|Any CPU
		{9211CB99-C91B-425F-8AF5-E862853749B5}.Release|Any CPU.ActiveCfg = Release|Any CPU
		{9211CB99-C91B-425F-8AF5-E862853749B5}.Release|Any CPU.Build.0 = Release|Any CPU
	EndGlobalSection
	GlobalSection(SolutionProperties) = preSolution
		HideSolutionNode = FALSE
	EndGlobalSection
	GlobalSection(ExtensibilityGlobals) = postSolution
		SolutionGuid = {56EFEFC1-CC48-4075-BF53-CBA5E0F74351}
	EndGlobalSection
EndGlobal
